// !$*UTF8*$!
{
	archiveVersion = 1;
	classes = {
	};
	objectVersion = 46;
	objects = {

/* Begin PBXBuildFile section */
		6A22CD4C1B458B3300455796 /* RootController.swift in Sources */ = {isa = PBXBuildFile; fileRef = 6A22CD4B1B458B3300455796 /* RootController.swift */; };
		6A22CD4F1B458C7000455796 /* ListCell.swift in Sources */ = {isa = PBXBuildFile; fileRef = 6A22CD4E1B458C7000455796 /* ListCell.swift */; };
		6A22CD521B458FD900455796 /* SharedElementsTransitionCoordinator.swift in Sources */ = {isa = PBXBuildFile; fileRef = 6A22CD511B458FD900455796 /* SharedElementsTransitionCoordinator.swift */; };
		6A22CD561B45914900455796 /* DetailController.swift in Sources */ = {isa = PBXBuildFile; fileRef = 6A22CD551B45914900455796 /* DetailController.swift */; };
		6A22CD581B45928800455796 /* SharedElementsTransition.swift in Sources */ = {isa = PBXBuildFile; fileRef = 6A22CD571B45928800455796 /* SharedElementsTransition.swift */; };
		6A9EC7B71B20910500C90FD9 /* AppDelegate.swift in Sources */ = {isa = PBXBuildFile; fileRef = 6A9EC7B61B20910500C90FD9 /* AppDelegate.swift */; };
		6A9EC7B91B20910500C90FD9 /* ViewController.swift in Sources */ = {isa = PBXBuildFile; fileRef = 6A9EC7B81B20910500C90FD9 /* ViewController.swift */; };
		6A9EC7BE1B20910500C90FD9 /* Images.xcassets in Resources */ = {isa = PBXBuildFile; fileRef = 6A9EC7BD1B20910500C90FD9 /* Images.xcassets */; };
		6A9EC7C11B20910500C90FD9 /* LaunchScreen.xib in Resources */ = {isa = PBXBuildFile; fileRef = 6A9EC7BF1B20910500C90FD9 /* LaunchScreen.xib */; };
		6A9EC7CD1B20910500C90FD9 /* TransitionsTests.swift in Sources */ = {isa = PBXBuildFile; fileRef = 6A9EC7CC1B20910500C90FD9 /* TransitionsTests.swift */; };
		6A9EC7D81B20920F00C90FD9 /* ViewControllerTransition.swift in Sources */ = {isa = PBXBuildFile; fileRef = 6A9EC7D71B20920F00C90FD9 /* ViewControllerTransition.swift */; };
		6A9EC7DC1B20927900C90FD9 /* ViewControllerCircleTransition.swift in Sources */ = {isa = PBXBuildFile; fileRef = 6A9EC7DB1B20927900C90FD9 /* ViewControllerCircleTransition.swift */; };
		6A9EC7DE1B20A30600C90FD9 /* ViewControllerTransitionEvent.swift in Sources */ = {isa = PBXBuildFile; fileRef = 6A9EC7DD1B20A30600C90FD9 /* ViewControllerTransitionEvent.swift */; };
/* End PBXBuildFile section */

/* Begin PBXContainerItemProxy section */
		6A9EC7C71B20910500C90FD9 /* PBXContainerItemProxy */ = {
			isa = PBXContainerItemProxy;
			containerPortal = 6A9EC7A91B20910500C90FD9 /* Project object */;
			proxyType = 1;
			remoteGlobalIDString = 6A9EC7B01B20910500C90FD9;
			remoteInfo = Transitions;
		};
/* End PBXContainerItemProxy section */

/* Begin PBXFileReference section */
		6A22CD4B1B458B3300455796 /* RootController.swift */ = {isa = PBXFileReference; fileEncoding = 4; lastKnownFileType = sourcecode.swift; path = RootController.swift; sourceTree = "<group>"; };
		6A22CD4E1B458C7000455796 /* ListCell.swift */ = {isa = PBXFileReference; fileEncoding = 4; lastKnownFileType = sourcecode.swift; path = ListCell.swift; sourceTree = "<group>"; };
		6A22CD511B458FD900455796 /* SharedElementsTransitionCoordinator.swift */ = {isa = PBXFileReference; fileEncoding = 4; lastKnownFileType = sourcecode.swift; path = SharedElementsTransitionCoordinator.swift; sourceTree = "<group>"; };
		6A22CD551B45914900455796 /* DetailController.swift */ = {isa = PBXFileReference; fileEncoding = 4; lastKnownFileType = sourcecode.swift; path = DetailController.swift; sourceTree = "<group>"; };
		6A22CD571B45928800455796 /* SharedElementsTransition.swift */ = {isa = PBXFileReference; fileEncoding = 4; lastKnownFileType = sourcecode.swift; path = SharedElementsTransition.swift; sourceTree = "<group>"; };
		6A9EC7B11B20910500C90FD9 /* Transitions.app */ = {isa = PBXFileReference; explicitFileType = wrapper.application; includeInIndex = 0; path = Transitions.app; sourceTree = BUILT_PRODUCTS_DIR; };
		6A9EC7B51B20910500C90FD9 /* Info.plist */ = {isa = PBXFileReference; lastKnownFileType = text.plist.xml; path = Info.plist; sourceTree = "<group>"; };
		6A9EC7B61B20910500C90FD9 /* AppDelegate.swift */ = {isa = PBXFileReference; lastKnownFileType = sourcecode.swift; path = AppDelegate.swift; sourceTree = "<group>"; };
		6A9EC7B81B20910500C90FD9 /* ViewController.swift */ = {isa = PBXFileReference; lastKnownFileType = sourcecode.swift; path = ViewController.swift; sourceTree = "<group>"; };
		6A9EC7BD1B20910500C90FD9 /* Images.xcassets */ = {isa = PBXFileReference; lastKnownFileType = folder.assetcatalog; path = Images.xcassets; sourceTree = "<group>"; };
		6A9EC7C01B20910500C90FD9 /* Base */ = {isa = PBXFileReference; lastKnownFileType = file.xib; name = Base; path = Base.lproj/LaunchScreen.xib; sourceTree = "<group>"; };
		6A9EC7C61B20910500C90FD9 /* TransitionsTests.xctest */ = {isa = PBXFileReference; explicitFileType = wrapper.cfbundle; includeInIndex = 0; path = TransitionsTests.xctest; sourceTree = BUILT_PRODUCTS_DIR; };
		6A9EC7CB1B20910500C90FD9 /* Info.plist */ = {isa = PBXFileReference; lastKnownFileType = text.plist.xml; path = Info.plist; sourceTree = "<group>"; };
		6A9EC7CC1B20910500C90FD9 /* TransitionsTests.swift */ = {isa = PBXFileReference; lastKnownFileType = sourcecode.swift; path = TransitionsTests.swift; sourceTree = "<group>"; };
		6A9EC7D71B20920F00C90FD9 /* ViewControllerTransition.swift */ = {isa = PBXFileReference; fileEncoding = 4; lastKnownFileType = sourcecode.swift; path = ViewControllerTransition.swift; sourceTree = "<group>"; };
		6A9EC7DB1B20927900C90FD9 /* ViewControllerCircleTransition.swift */ = {isa = PBXFileReference; fileEncoding = 4; lastKnownFileType = sourcecode.swift; path = ViewControllerCircleTransition.swift; sourceTree = "<group>"; };
		6A9EC7DD1B20A30600C90FD9 /* ViewControllerTransitionEvent.swift */ = {isa = PBXFileReference; fileEncoding = 4; lastKnownFileType = sourcecode.swift; path = ViewControllerTransitionEvent.swift; sourceTree = "<group>"; };
/* End PBXFileReference section */

/* Begin PBXFrameworksBuildPhase section */
		6A9EC7AE1B20910500C90FD9 /* Frameworks */ = {
			isa = PBXFrameworksBuildPhase;
			buildActionMask = 2147483647;
			files = (
			);
			runOnlyForDeploymentPostprocessing = 0;
		};
		6A9EC7C31B20910500C90FD9 /* Frameworks */ = {
			isa = PBXFrameworksBuildPhase;
			buildActionMask = 2147483647;
			files = (
			);
			runOnlyForDeploymentPostprocessing = 0;
		};
/* End PBXFrameworksBuildPhase section */

/* Begin PBXGroup section */
		6A22CD4A1B458B2500455796 /* Controllers */ = {
			isa = PBXGroup;
			children = (
				6A22CD4B1B458B3300455796 /* RootController.swift */,
				6A22CD551B45914900455796 /* DetailController.swift */,
			);
			path = Controllers;
			sourceTree = SOURCE_ROOT;
		};
		6A22CD4D1B458C6900455796 /* Views */ = {
			isa = PBXGroup;
			children = (
				6A22CD4E1B458C7000455796 /* ListCell.swift */,
			);
			path = Views;
			sourceTree = SOURCE_ROOT;
		};
		6A22CD501B458FB700455796 /* SharedElementsTransition */ = {
			isa = PBXGroup;
			children = (
				6A22CD511B458FD900455796 /* SharedElementsTransitionCoordinator.swift */,
				6A22CD571B45928800455796 /* SharedElementsTransition.swift */,
			);
			path = SharedElementsTransition;
			sourceTree = "<group>";
		};
		6A9EC7A81B20910500C90FD9 = {
			isa = PBXGroup;
			children = (
				6A9EC7B31B20910500C90FD9 /* Transitions */,
				6A9EC7C91B20910500C90FD9 /* TransitionsTests */,
				6A9EC7B21B20910500C90FD9 /* Products */,
			);
			sourceTree = "<group>";
		};
		6A9EC7B21B20910500C90FD9 /* Products */ = {
			isa = PBXGroup;
			children = (
				6A9EC7B11B20910500C90FD9 /* Transitions.app */,
				6A9EC7C61B20910500C90FD9 /* TransitionsTests.xctest */,
			);
			name = Products;
			sourceTree = "<group>";
		};
		6A9EC7B31B20910500C90FD9 /* Transitions */ = {
			isa = PBXGroup;
			children = (
				6A22CD501B458FB700455796 /* SharedElementsTransition */,
				6A22CD4D1B458C6900455796 /* Views */,
				6A22CD4A1B458B2500455796 /* Controllers */,
				6A9EC7D61B2091F600C90FD9 /* Transitions */,
				6A9EC7B61B20910500C90FD9 /* AppDelegate.swift */,
				6A9EC7B81B20910500C90FD9 /* ViewController.swift */,
				6A9EC7BD1B20910500C90FD9 /* Images.xcassets */,
				6A9EC7BF1B20910500C90FD9 /* LaunchScreen.xib */,
				6A9EC7B41B20910500C90FD9 /* Supporting Files */,
			);
			path = Transitions;
			sourceTree = "<group>";
		};
		6A9EC7B41B20910500C90FD9 /* Supporting Files */ = {
			isa = PBXGroup;
			children = (
				6A9EC7B51B20910500C90FD9 /* Info.plist */,
			);
			name = "Supporting Files";
			sourceTree = "<group>";
		};
		6A9EC7C91B20910500C90FD9 /* TransitionsTests */ = {
			isa = PBXGroup;
			children = (
				6A9EC7CC1B20910500C90FD9 /* TransitionsTests.swift */,
				6A9EC7CA1B20910500C90FD9 /* Supporting Files */,
			);
			path = TransitionsTests;
			sourceTree = "<group>";
		};
		6A9EC7CA1B20910500C90FD9 /* Supporting Files */ = {
			isa = PBXGroup;
			children = (
				6A9EC7CB1B20910500C90FD9 /* Info.plist */,
			);
			name = "Supporting Files";
			sourceTree = "<group>";
		};
		6A9EC7D61B2091F600C90FD9 /* Transitions */ = {
			isa = PBXGroup;
			children = (
				6A9EC7D71B20920F00C90FD9 /* ViewControllerTransition.swift */,
				6A9EC7DB1B20927900C90FD9 /* ViewControllerCircleTransition.swift */,
				6A9EC7DD1B20A30600C90FD9 /* ViewControllerTransitionEvent.swift */,
			);
			path = Transitions;
			sourceTree = "<group>";
		};
/* End PBXGroup section */

/* Begin PBXNativeTarget section */
		6A9EC7B01B20910500C90FD9 /* Transitions */ = {
			isa = PBXNativeTarget;
			buildConfigurationList = 6A9EC7D01B20910500C90FD9 /* Build configuration list for PBXNativeTarget "Transitions" */;
			buildPhases = (
				6A9EC7AD1B20910500C90FD9 /* Sources */,
				6A9EC7AE1B20910500C90FD9 /* Frameworks */,
				6A9EC7AF1B20910500C90FD9 /* Resources */,
			);
			buildRules = (
			);
			dependencies = (
			);
			name = Transitions;
			productName = Transitions;
			productReference = 6A9EC7B11B20910500C90FD9 /* Transitions.app */;
			productType = "com.apple.product-type.application";
		};
		6A9EC7C51B20910500C90FD9 /* TransitionsTests */ = {
			isa = PBXNativeTarget;
			buildConfigurationList = 6A9EC7D31B20910500C90FD9 /* Build configuration list for PBXNativeTarget "TransitionsTests" */;
			buildPhases = (
				6A9EC7C21B20910500C90FD9 /* Sources */,
				6A9EC7C31B20910500C90FD9 /* Frameworks */,
				6A9EC7C41B20910500C90FD9 /* Resources */,
			);
			buildRules = (
			);
			dependencies = (
				6A9EC7C81B20910500C90FD9 /* PBXTargetDependency */,
			);
			name = TransitionsTests;
			productName = TransitionsTests;
			productReference = 6A9EC7C61B20910500C90FD9 /* TransitionsTests.xctest */;
			productType = "com.apple.product-type.bundle.unit-test";
		};
/* End PBXNativeTarget section */

/* Begin PBXProject section */
		6A9EC7A91B20910500C90FD9 /* Project object */ = {
			isa = PBXProject;
			attributes = {
				LastUpgradeCheck = 0630;
				ORGANIZATIONNAME = Treehouse;
				TargetAttributes = {
					6A9EC7B01B20910500C90FD9 = {
						CreatedOnToolsVersion = 6.3.1;
					};
					6A9EC7C51B20910500C90FD9 = {
						CreatedOnToolsVersion = 6.3.1;
						TestTargetID = 6A9EC7B01B20910500C90FD9;
					};
				};
			};
			buildConfigurationList = 6A9EC7AC1B20910500C90FD9 /* Build configuration list for PBXProject "Transitions" */;
			compatibilityVersion = "Xcode 3.2";
			developmentRegion = English;
			hasScannedForEncodings = 0;
			knownRegions = (
				en,
				Base,
			);
			mainGroup = 6A9EC7A81B20910500C90FD9;
			productRefGroup = 6A9EC7B21B20910500C90FD9 /* Products */;
			projectDirPath = "";
			projectRoot = "";
			targets = (
				6A9EC7B01B20910500C90FD9 /* Transitions */,
				6A9EC7C51B20910500C90FD9 /* TransitionsTests */,
			);
		};
/* End PBXProject section */

/* Begin PBXResourcesBuildPhase section */
		6A9EC7AF1B20910500C90FD9 /* Resources */ = {
			isa = PBXResourcesBuildPhase;
			buildActionMask = 2147483647;
			files = (
				6A9EC7C11B20910500C90FD9 /* LaunchScreen.xib in Resources */,
				6A9EC7BE1B20910500C90FD9 /* Images.xcassets in Resources */,
			);
			runOnlyForDeploymentPostprocessing = 0;
		};
		6A9EC7C41B20910500C90FD9 /* Resources */ = {
			isa = PBXResourcesBuildPhase;
			buildActionMask = 2147483647;
			files = (
			);
			runOnlyForDeploymentPostprocessing = 0;
		};
/* End PBXResourcesBuildPhase section */

/* Begin PBXSourcesBuildPhase section */
		6A9EC7AD1B20910500C90FD9 /* Sources */ = {
			isa = PBXSourcesBuildPhase;
			buildActionMask = 2147483647;
			files = (
				6A22CD4F1B458C7000455796 /* ListCell.swift in Sources */,
				6A9EC7B91B20910500C90FD9 /* ViewController.swift in Sources */,
				6A9EC7B71B20910500C90FD9 /* AppDelegate.swift in Sources */,
				6A9EC7D81B20920F00C90FD9 /* ViewControllerTransition.swift in Sources */,
				6A9EC7DC1B20927900C90FD9 /* ViewControllerCircleTransition.swift in Sources */,
				6A9EC7DE1B20A30600C90FD9 /* ViewControllerTransitionEvent.swift in Sources */,
				6A22CD4C1B458B3300455796 /* RootController.swift in Sources */,
				6A22CD581B45928800455796 /* SharedElementsTransition.swift in Sources */,
				6A22CD561B45914900455796 /* DetailController.swift in Sources */,
				6A22CD521B458FD900455796 /* SharedElementsTransitionCoordinator.swift in Sources */,
			);
			runOnlyForDeploymentPostprocessing = 0;
		};
		6A9EC7C21B20910500C90FD9 /* Sources */ = {
			isa = PBXSourcesBuildPhase;
			buildActionMask = 2147483647;
			files = (
				6A9EC7CD1B20910500C90FD9 /* TransitionsTests.swift in Sources */,
			);
			runOnlyForDeploymentPostprocessing = 0;
		};
/* End PBXSourcesBuildPhase section */

/* Begin PBXTargetDependency section */
		6A9EC7C81B20910500C90FD9 /* PBXTargetDependency */ = {
			isa = PBXTargetDependency;
			target = 6A9EC7B01B20910500C90FD9 /* Transitions */;
			targetProxy = 6A9EC7C71B20910500C90FD9 /* PBXContainerItemProxy */;
		};
/* End PBXTargetDependency section */

/* Begin PBXVariantGroup section */
		6A9EC7BF1B20910500C90FD9 /* LaunchScreen.xib */ = {
			isa = PBXVariantGroup;
			children = (
				6A9EC7C01B20910500C90FD9 /* Base */,
			);
			name = LaunchScreen.xib;
			sourceTree = "<group>";
		};
/* End PBXVariantGroup section */

/* Begin XCBuildConfiguration section */
		6A9EC7CE1B20910500C90FD9 /* Debug */ = {
			isa = XCBuildConfiguration;
			buildSettings = {
				ALWAYS_SEARCH_USER_PATHS = NO;
				CLANG_CXX_LANGUAGE_STANDARD = "gnu++0x";
				CLANG_CXX_LIBRARY = "libc++";
				CLANG_ENABLE_MODULES = YES;
				CLANG_ENABLE_OBJC_ARC = YES;
				CLANG_WARN_BOOL_CONVERSION = YES;
				CLANG_WARN_CONSTANT_CONVERSION = YES;
				CLANG_WARN_DIRECT_OBJC_ISA_USAGE = YES_ERROR;
				CLANG_WARN_EMPTY_BODY = YES;
				CLANG_WARN_ENUM_CONVERSION = YES;
				CLANG_WARN_INT_CONVERSION = YES;
				CLANG_WARN_OBJC_ROOT_CLASS = YES_ERROR;
				CLANG_WARN_UNREACHABLE_CODE = YES;
				CLANG_WARN__DUPLICATE_METHOD_MATCH = YES;
				CODE_SIGN_IDENTITY = "iPhone Developer";
				"CODE_SIGN_IDENTITY[sdk=iphoneos*]" = "iPhone Developer: Justin Hammenga (2WU86JNJ36)";
				COPY_PHASE_STRIP = NO;
				DEBUG_INFORMATION_FORMAT = "dwarf-with-dsym";
				ENABLE_STRICT_OBJC_MSGSEND = YES;
				GCC_C_LANGUAGE_STANDARD = gnu99;
				GCC_DYNAMIC_NO_PIC = NO;
				GCC_NO_COMMON_BLOCKS = YES;
				GCC_OPTIMIZATION_LEVEL = 0;
				GCC_PREPROCESSOR_DEFINITIONS = (
					"DEBUG=1",
					"$(inherited)",
				);
				GCC_SYMBOLS_PRIVATE_EXTERN = NO;
				GCC_WARN_64_TO_32_BIT_CONVERSION = YES;
				GCC_WARN_ABOUT_RETURN_TYPE = YES_ERROR;
				GCC_WARN_UNDECLARED_SELECTOR = YES;
				GCC_WARN_UNINITIALIZED_AUTOS = YES_AGGRESSIVE;
				GCC_WARN_UNUSED_FUNCTION = YES;
				GCC_WARN_UNUSED_VARIABLE = YES;
				IPHONEOS_DEPLOYMENT_TARGET = 8.3;
				MTL_ENABLE_DEBUG_INFO = YES;
				ONLY_ACTIVE_ARCH = YES;
				SDKROOT = iphoneos;
				SWIFT_OPTIMIZATION_LEVEL = "-Onone";
				TARGETED_DEVICE_FAMILY = "1,2";
			};
			name = Debug;
		};
		6A9EC7CF1B20910500C90FD9 /* Release */ = {
			isa = XCBuildConfiguration;
			buildSettings = {
				ALWAYS_SEARCH_USER_PATHS = NO;
				CLANG_CXX_LANGUAGE_STANDARD = "gnu++0x";
				CLANG_CXX_LIBRARY = "libc++";
				CLANG_ENABLE_MODULES = YES;
				CLANG_ENABLE_OBJC_ARC = YES;
				CLANG_WARN_BOOL_CONVERSION = YES;
				CLANG_WARN_CONSTANT_CONVERSION = YES;
				CLANG_WARN_DIRECT_OBJC_ISA_USAGE = YES_ERROR;
				CLANG_WARN_EMPTY_BODY = YES;
				CLANG_WARN_ENUM_CONVERSION = YES;
				CLANG_WARN_INT_CONVERSION = YES;
				CLANG_WARN_OBJC_ROOT_CLASS = YES_ERROR;
				CLANG_WARN_UNREACHABLE_CODE = YES;
				CLANG_WARN__DUPLICATE_METHOD_MATCH = YES;
				"CODE_SIGN_IDENTITY[sdk=iphoneos*]" = "iPhone Developer";
				COPY_PHASE_STRIP = NO;
				DEBUG_INFORMATION_FORMAT = "dwarf-with-dsym";
				ENABLE_NS_ASSERTIONS = NO;
				ENABLE_STRICT_OBJC_MSGSEND = YES;
				GCC_C_LANGUAGE_STANDARD = gnu99;
				GCC_NO_COMMON_BLOCKS = YES;
				GCC_WARN_64_TO_32_BIT_CONVERSION = YES;
				GCC_WARN_ABOUT_RETURN_TYPE = YES_ERROR;
				GCC_WARN_UNDECLARED_SELECTOR = YES;
				GCC_WARN_UNINITIALIZED_AUTOS = YES_AGGRESSIVE;
				GCC_WARN_UNUSED_FUNCTION = YES;
				GCC_WARN_UNUSED_VARIABLE = YES;
				IPHONEOS_DEPLOYMENT_TARGET = 8.3;
				MTL_ENABLE_DEBUG_INFO = NO;
				SDKROOT = iphoneos;
				TARGETED_DEVICE_FAMILY = "1,2";
				VALIDATE_PRODUCT = YES;
			};
			name = Release;
		};
		6A9EC7D11B20910500C90FD9 /* Debug */ = {
			isa = XCBuildConfiguration;
			buildSettings = {
				ASSETCATALOG_COMPILER_APPICON_NAME = AppIcon;
				CODE_SIGN_IDENTITY = "iPhone Developer";
				"CODE_SIGN_IDENTITY[sdk=iphoneos*]" = "iPhone Developer: Justin Hammenga (2WU86JNJ36)";
				INFOPLIST_FILE = Transitions/Info.plist;
				IPHONEOS_DEPLOYMENT_TARGET = 8.0;
				LD_RUNPATH_SEARCH_PATHS = "$(inherited) @executable_path/Frameworks";
				PRODUCT_NAME = "$(TARGET_NAME)";
			};
			name = Debug;
		};
		6A9EC7D21B20910500C90FD9 /* Release */ = {
			isa = XCBuildConfiguration;
			buildSettings = {
				ASSETCATALOG_COMPILER_APPICON_NAME = AppIcon;
				INFOPLIST_FILE = Transitions/Info.plist;
				IPHONEOS_DEPLOYMENT_TARGET = 8.0;
				LD_RUNPATH_SEARCH_PATHS = "$(inherited) @executable_path/Frameworks";
				PRODUCT_NAME = "$(TARGET_NAME)";
			};
			name = Release;
		};
		6A9EC7D41B20910500C90FD9 /* Debug */ = {
			isa = XCBuildConfiguration;
			buildSettings = {
				BUNDLE_LOADER = "$(TEST_HOST)";
				FRAMEWORK_SEARCH_PATHS = (
					"$(SDKROOT)/Developer/Library/Frameworks",
					"$(inherited)",
				);
				GCC_PREPROCESSOR_DEFINITIONS = (
					"DEBUG=1",
					"$(inherited)",
				);
				INFOPLIST_FILE = TransitionsTests/Info.plist;
				LD_RUNPATH_SEARCH_PATHS = "$(inherited) @executable_path/Frameworks @loader_path/Frameworks";
				PRODUCT_NAME = "$(TARGET_NAME)";
				TEST_HOST = "$(BUILT_PRODUCTS_DIR)/Transitions.app/Transitions";
			};
			name = Debug;
		};
		6A9EC7D51B20910500C90FD9 /* Release */ = {
			isa = XCBuildConfiguration;
			buildSettings = {
				BUNDLE_LOADER = "$(TEST_HOST)";
				FRAMEWORK_SEARCH_PATHS = (
					"$(SDKROOT)/Developer/Library/Frameworks",
					"$(inherited)",
				);
				INFOPLIST_FILE = TransitionsTests/Info.plist;
				LD_RUNPATH_SEARCH_PATHS = "$(inherited) @executable_path/Frameworks @loader_path/Frameworks";
				PRODUCT_NAME = "$(TARGET_NAME)";
				TEST_HOST = "$(BUILT_PRODUCTS_DIR)/Transitions.app/Transitions";
			};
			name = Release;
		};
/* End XCBuildConfiguration section */

/* Begin XCConfigurationList section */
		6A9EC7AC1B20910500C90FD9 /* Build configuration list for PBXProject "Transitions" */ = {
			isa = XCConfigurationList;
			buildConfigurations = (
				6A9EC7CE1B20910500C90FD9 /* Debug */,
				6A9EC7CF1B20910500C90FD9 /* Release */,
			);
			defaultConfigurationIsVisible = 0;
			defaultConfigurationName = Release;
		};
		6A9EC7D01B20910500C90FD9 /* Build configuration list for PBXNativeTarget "Transitions" */ = {
			isa = XCConfigurationList;
			buildConfigurations = (
				6A9EC7D11B20910500C90FD9 /* Debug */,
				6A9EC7D21B20910500C90FD9 /* Release */,
			);
			defaultConfigurationIsVisible = 0;
			defaultConfigurationName = Release;
		};
		6A9EC7D31B20910500C90FD9 /* Build configuration list for PBXNativeTarget "TransitionsTests" */ = {
			isa = XCConfigurationList;
			buildConfigurations = (
				6A9EC7D41B20910500C90FD9 /* Debug */,
				6A9EC7D51B20910500C90FD9 /* Release */,
			);
			defaultConfigurationIsVisible = 0;
			defaultConfigurationName = Release;
		};
/* End XCConfigurationList section */
	};
	rootObject = 6A9EC7A91B20910500C90FD9 /* Project object */;
}
